
Microsoft Visual Studio Solution File, Format Version 12.00
# Visual Studio Version 16
VisualStudioVersion = 16.0.30907.101
MinimumVisualStudioVersion = 10.0.40219.1
Project("{FAE04EC0-301F-11D3-BF4B-00C04F79EFBC}") = "Opdracht2Prog", "Opdracht2Prog.csproj", "{59F676DF-2A62-4481-9C4A-85A3DF973471}"
EndProject
Global
	GlobalSection(SolutionConfigurationPlatforms) = preSolution
		Debug|Any CPU = Debug|Any CPU
		Release|Any CPU = Release|Any CPU
	EndGlobalSection
	GlobalSection(ProjectConfigurationPlatforms) = postSolution
		{59F676DF-2A62-4481-9C4A-85A3DF973471}.Debug|Any CPU.ActiveCfg = Debug|Any CPU
		{59F676DF-2A62-4481-9C4A-85A3DF973471}.Debug|Any CPU.Build.0 = Debug|Any CPU
		{59F676DF-2A62-4481-9C4A-85A3DF973471}.Release|Any CPU.ActiveCfg = Release|Any CPU
		{59F676DF-2A62-4481-9C4A-85A3DF973471}.Release|Any CPU.Build.0 = Release|Any CPU
	EndGlobalSection
	GlobalSection(SolutionProperties) = preSolution
		HideSolutionNode = FALSE
	EndGlobalSection
	GlobalSection(ExtensibilityGlobals) = postSolution
		SolutionGuid = {EFF58CA7-2513-447F-A5D8-A18A29162A2E}
	EndGlobalSection
EndGlobal
