
Microsoft Visual Studio Solution File, Format Version 12.00
# Visual Studio Version 16
VisualStudioVersion = 16.0.30907.101
MinimumVisualStudioVersion = 10.0.40219.1
Project("{FAE04EC0-301F-11D3-BF4B-00C04F79EFBC}") = "OpdrachtProg", "OpdrachtProg.csproj", "{241606C9-E2BC-47BE-B316-5F7912D02203}"
EndProject
Global
	GlobalSection(SolutionConfigurationPlatforms) = preSolution
		Debug|Any CPU = Debug|Any CPU
		Release|Any CPU = Release|Any CPU
	EndGlobalSection
	GlobalSection(ProjectConfigurationPlatforms) = postSolution
		{241606C9-E2BC-47BE-B316-5F7912D02203}.Debug|Any CPU.ActiveCfg = Debug|Any CPU
		{241606C9-E2BC-47BE-B316-5F7912D02203}.Debug|Any CPU.Build.0 = Debug|Any CPU
		{241606C9-E2BC-47BE-B316-5F7912D02203}.Release|Any CPU.ActiveCfg = Release|Any CPU
		{241606C9-E2BC-47BE-B316-5F7912D02203}.Release|Any CPU.Build.0 = Release|Any CPU
	EndGlobalSection
	GlobalSection(SolutionProperties) = preSolution
		HideSolutionNode = FALSE
	EndGlobalSection
	GlobalSection(ExtensibilityGlobals) = postSolution
		SolutionGuid = {7ED04E4C-DF77-47F4-ADC0-C604052EB433}
	EndGlobalSection
EndGlobal
